
Microsoft Visual Studio Solution File, Format Version 12.00
# Visual Studio Version 16
VisualStudioVersion = 25.0.1706.0
MinimumVisualStudioVersion = 10.0.40219.1
Project("{FAE04EC0-301F-11D3-BF4B-00C04F79EFBC}") = "Resume.Presentation", "Resume.Presentation.csproj", "{9246AD5D-806D-4EBA-8019-2870115F7823}"
EndProject
Global
	GlobalSection(SolutionConfigurationPlatforms) = preSolution
		Debug|Any CPU = Debug|Any CPU
		Release|Any CPU = Release|Any CPU
	EndGlobalSection
	GlobalSection(ProjectConfigurationPlatforms) = postSolution
		{9246AD5D-806D-4EBA-8019-2870115F7823}.Debug|Any CPU.ActiveCfg = Debug|Any CPU
		{9246AD5D-806D-4EBA-8019-2870115F7823}.Debug|Any CPU.Build.0 = Debug|Any CPU
		{9246AD5D-806D-4EBA-8019-2870115F7823}.Release|Any CPU.ActiveCfg = Release|Any CPU
		{9246AD5D-806D-4EBA-8019-2870115F7823}.Release|Any CPU.Build.0 = Release|Any CPU
	EndGlobalSection
	GlobalSection(SolutionProperties) = preSolution
		HideSolutionNode = FALSE
	EndGlobalSection
	GlobalSection(ExtensibilityGlobals) = postSolution
		SolutionGuid = {728235A4-9CE4-4B86-96B7-85D5BFFBA9D9}
	EndGlobalSection
EndGlobal
